// !$*UTF8*$!
{
	archiveVersion = 1;
	classes = {
	};
	objectVersion = 46;
	objects = {

/* Begin PBXBuildFile section */
		4ABFFF47153661AD0055A925 /* UIKit.framework in Frameworks */ = {isa = PBXBuildFile; fileRef = 4ABFFF46153661AD0055A925 /* UIKit.framework */; };
		4ABFFF49153661AD0055A925 /* Foundation.framework in Frameworks */ = {isa = PBXBuildFile; fileRef = 4ABFFF48153661AD0055A925 /* Foundation.framework */; };
		4ABFFF4B153661AD0055A925 /* CoreGraphics.framework in Frameworks */ = {isa = PBXBuildFile; fileRef = 4ABFFF4A153661AD0055A925 /* CoreGraphics.framework */; };
		4ABFFF51153661AD0055A925 /* InfoPlist.strings in Resources */ = {isa = PBXBuildFile; fileRef = 4ABFFF4F153661AD0055A925 /* InfoPlist.strings */; };
		4ABFFF53153661AD0055A925 /* main.m in Sources */ = {isa = PBXBuildFile; fileRef = 4ABFFF52153661AD0055A925 /* main.m */; };
		4ABFFF57153661AD0055A925 /* AppDelegate.m in Sources */ = {isa = PBXBuildFile; fileRef = 4ABFFF56153661AD0055A925 /* AppDelegate.m */; };
		4ABFFF5A153661AD0055A925 /* ViewController.m in Sources */ = {isa = PBXBuildFile; fileRef = 4ABFFF59153661AD0055A925 /* ViewController.m */; };
		4ABFFF5D153661AD0055A925 /* ViewController.xib in Resources */ = {isa = PBXBuildFile; fileRef = 4ABFFF5B153661AD0055A925 /* ViewController.xib */; };
/* End PBXBuildFile section */

/* Begin PBXFileReference section */
		4ABFFF42153661AD0055A925 /* Table Option.app */ = {isa = PBXFileReference; explicitFileType = wrapper.application; includeInIndex = 0; path = "Table Option.app"; sourceTree = BUILT_PRODUCTS_DIR; };
		4ABFFF46153661AD0055A925 /* UIKit.framework */ = {isa = PBXFileReference; lastKnownFileType = wrapper.framework; name = UIKit.framework; path = System/Library/Frameworks/UIKit.framework; sourceTree = SDKROOT; };
		4ABFFF48153661AD0055A925 /* Foundation.framework */ = {isa = PBXFileReference; lastKnownFileType = wrapper.framework; name = Foundation.framework; path = System/Library/Frameworks/Foundation.framework; sourceTree = SDKROOT; };
		4ABFFF4A153661AD0055A925 /* CoreGraphics.framework */ = {isa = PBXFileReference; lastKnownFileType = wrapper.framework; name = CoreGraphics.framework; path = System/Library/Frameworks/CoreGraphics.framework; sourceTree = SDKROOT; };
		4ABFFF4E153661AD0055A925 /* Table Option-Info.plist */ = {isa = PBXFileReference; lastKnownFileType = text.plist.xml; path = "Table Option-Info.plist"; sourceTree = "<group>"; };
		4ABFFF50153661AD0055A925 /* en */ = {isa = PBXFileReference; lastKnownFileType = text.plist.strings; name = en; path = en.lproj/InfoPlist.strings; sourceTree = "<group>"; };
		4ABFFF52153661AD0055A925 /* main.m */ = {isa = PBXFileReference; lastKnownFileType = sourcecode.c.objc; path = main.m; sourceTree = "<group>"; };
		4ABFFF54153661AD0055A925 /* Table Option-Prefix.pch */ = {isa = PBXFileReference; lastKnownFileType = sourcecode.c.h; path = "Table Option-Prefix.pch"; sourceTree = "<group>"; };
		4ABFFF55153661AD0055A925 /* AppDelegate.h */ = {isa = PBXFileReference; lastKnownFileType = sourcecode.c.h; path = AppDelegate.h; sourceTree = "<group>"; };
		4ABFFF56153661AD0055A925 /* AppDelegate.m */ = {isa = PBXFileReference; lastKnownFileType = sourcecode.c.objc; path = AppDelegate.m; sourceTree = "<group>"; };
		4ABFFF58153661AD0055A925 /* ViewController.h */ = {isa = PBXFileReference; lastKnownFileType = sourcecode.c.h; path = ViewController.h; sourceTree = "<group>"; };
		4ABFFF59153661AD0055A925 /* ViewController.m */ = {isa = PBXFileReference; lastKnownFileType = sourcecode.c.objc; path = ViewController.m; sourceTree = "<group>"; };
		4ABFFF5C153661AD0055A925 /* en */ = {isa = PBXFileReference; lastKnownFileType = file.xib; name = en; path = en.lproj/ViewController.xib; sourceTree = "<group>"; };
/* End PBXFileReference section */

/* Begin PBXFrameworksBuildPhase section */
		4ABFFF3F153661AD0055A925 /* Frameworks */ = {
			isa = PBXFrameworksBuildPhase;
			buildActionMask = 2147483647;
			files = (
				4ABFFF47153661AD0055A925 /* UIKit.framework in Frameworks */,
				4ABFFF49153661AD0055A925 /* Foundation.framework in Frameworks */,
				4ABFFF4B153661AD0055A925 /* CoreGraphics.framework in Frameworks */,
			);
			runOnlyForDeploymentPostprocessing = 0;
		};
/* End PBXFrameworksBuildPhase section */

/* Begin PBXGroup section */
		4ABFFF37153661AD0055A925 = {
			isa = PBXGroup;
			children = (
				4ABFFF4C153661AD0055A925 /* Table Option */,
				4ABFFF45153661AD0055A925 /* Frameworks */,
				4ABFFF43153661AD0055A925 /* Products */,
			);
			sourceTree = "<group>";
		};
		4ABFFF43153661AD0055A925 /* Products */ = {
			isa = PBXGroup;
			children = (
				4ABFFF42153661AD0055A925 /* Table Option.app */,
			);
			name = Products;
			sourceTree = "<group>";
		};
		4ABFFF45153661AD0055A925 /* Frameworks */ = {
			isa = PBXGroup;
			children = (
				4ABFFF46153661AD0055A925 /* UIKit.framework */,
				4ABFFF48153661AD0055A925 /* Foundation.framework */,
				4ABFFF4A153661AD0055A925 /* CoreGraphics.framework */,
			);
			name = Frameworks;
			sourceTree = "<group>";
		};
		4ABFFF4C153661AD0055A925 /* Table Option */ = {
			isa = PBXGroup;
			children = (
				4ABFFF55153661AD0055A925 /* AppDelegate.h */,
				4ABFFF56153661AD0055A925 /* AppDelegate.m */,
				4ABFFF58153661AD0055A925 /* ViewController.h */,
				4ABFFF59153661AD0055A925 /* ViewController.m */,
				4ABFFF5B153661AD0055A925 /* ViewController.xib */,
				4ABFFF4D153661AD0055A925 /* Supporting Files */,
			);
			path = "Table Option";
			sourceTree = "<group>";
		};
		4ABFFF4D153661AD0055A925 /* Supporting Files */ = {
			isa = PBXGroup;
			children = (
				4ABFFF4E153661AD0055A925 /* Table Option-Info.plist */,
				4ABFFF4F153661AD0055A925 /* InfoPlist.strings */,
				4ABFFF52153661AD0055A925 /* main.m */,
				4ABFFF54153661AD0055A925 /* Table Option-Prefix.pch */,
			);
			name = "Supporting Files";
			sourceTree = "<group>";
		};
/* End PBXGroup section */

/* Begin PBXNativeTarget section */
		4ABFFF41153661AD0055A925 /* Table Option */ = {
			isa = PBXNativeTarget;
			buildConfigurationList = 4ABFFF60153661AD0055A925 /* Build configuration list for PBXNativeTarget "Table Option" */;
			buildPhases = (
				4ABFFF3E153661AD0055A925 /* Sources */,
				4ABFFF3F153661AD0055A925 /* Frameworks */,
				4ABFFF40153661AD0055A925 /* Resources */,
			);
			buildRules = (
			);
			dependencies = (
			);
			name = "Table Option";
			productName = "Table Option";
			productReference = 4ABFFF42153661AD0055A925 /* Table Option.app */;
			productType = "com.apple.product-type.application";
		};
/* End PBXNativeTarget section */

/* Begin PBXProject section */
		4ABFFF39153661AD0055A925 /* Project object */ = {
			isa = PBXProject;
			attributes = {
				LastUpgradeCheck = 0420;
			};
			buildConfigurationList = 4ABFFF3C153661AD0055A925 /* Build configuration list for PBXProject "Table Option" */;
			compatibilityVersion = "Xcode 3.2";
			developmentRegion = English;
			hasScannedForEncodings = 0;
			knownRegions = (
				en,
			);
			mainGroup = 4ABFFF37153661AD0055A925;
			productRefGroup = 4ABFFF43153661AD0055A925 /* Products */;
			projectDirPath = "";
			projectRoot = "";
			targets = (
				4ABFFF41153661AD0055A925 /* Table Option */,
			);
		};
/* End PBXProject section */

/* Begin PBXResourcesBuildPhase section */
		4ABFFF40153661AD0055A925 /* Resources */ = {
			isa = PBXResourcesBuildPhase;
			buildActionMask = 2147483647;
			files = (
				4ABFFF51153661AD0055A925 /* InfoPlist.strings in Resources */,
				4ABFFF5D153661AD0055A925 /* ViewController.xib in Resources */,
			);
			runOnlyForDeploymentPostprocessing = 0;
		};
/* End PBXResourcesBuildPhase section */

/* Begin PBXSourcesBuildPhase section */
		4ABFFF3E153661AD0055A925 /* Sources */ = {
			isa = PBXSourcesBuildPhase;
			buildActionMask = 2147483647;
			files = (
				4ABFFF53153661AD0055A925 /* main.m in Sources */,
				4ABFFF57153661AD0055A925 /* AppDelegate.m in Sources */,
				4ABFFF5A153661AD0055A925 /* ViewController.m in Sources */,
			);
			runOnlyForDeploymentPostprocessing = 0;
		};
/* End PBXSourcesBuildPhase section */

/* Begin PBXVariantGroup section */
		4ABFFF4F153661AD0055A925 /* InfoPlist.strings */ = {
			isa = PBXVariantGroup;
			children = (
				4ABFFF50153661AD0055A925 /* en */,
			);
			name = InfoPlist.strings;
			sourceTree = "<group>";
		};
		4ABFFF5B153661AD0055A925 /* ViewController.xib */ = {
			isa = PBXVariantGroup;
			children = (
				4ABFFF5C153661AD0055A925 /* en */,
			);
			name = ViewController.xib;
			sourceTree = "<group>";
		};
/* End PBXVariantGroup section */

/* Begin XCBuildConfiguration section */
		4ABFFF5E153661AD0055A925 /* Debug */ = {
			isa = XCBuildConfiguration;
			buildSettings = {
				ALWAYS_SEARCH_USER_PATHS = NO;
				ARCHS = "$(ARCHS_STANDARD_32_BIT)";
				CLANG_ENABLE_OBJC_ARC = YES;
				"CODE_SIGN_IDENTITY[sdk=iphoneos*]" = "iPhone Developer";
				COPY_PHASE_STRIP = NO;
				GCC_C_LANGUAGE_STANDARD = gnu99;
				GCC_DYNAMIC_NO_PIC = NO;
				GCC_OPTIMIZATION_LEVEL = 0;
				GCC_PREPROCESSOR_DEFINITIONS = (
					"DEBUG=1",
					"$(inherited)",
				);
				GCC_SYMBOLS_PRIVATE_EXTERN = NO;
				GCC_VERSION = com.apple.compilers.llvm.clang.1_0;
				GCC_WARN_ABOUT_MISSING_PROTOTYPES = YES;
				GCC_WARN_ABOUT_RETURN_TYPE = YES;
				GCC_WARN_UNUSED_VARIABLE = YES;
				IPHONEOS_DEPLOYMENT_TARGET = 5.0;
				SDKROOT = iphoneos;
			};
			name = Debug;
		};
		4ABFFF5F153661AD0055A925 /* Release */ = {
			isa = XCBuildConfiguration;
			buildSettings = {
				ALWAYS_SEARCH_USER_PATHS = NO;
				ARCHS = "$(ARCHS_STANDARD_32_BIT)";
				CLANG_ENABLE_OBJC_ARC = YES;
				"CODE_SIGN_IDENTITY[sdk=iphoneos*]" = "iPhone Developer";
				COPY_PHASE_STRIP = YES;
				GCC_C_LANGUAGE_STANDARD = gnu99;
				GCC_VERSION = com.apple.compilers.llvm.clang.1_0;
				GCC_WARN_ABOUT_MISSING_PROTOTYPES = YES;
				GCC_WARN_ABOUT_RETURN_TYPE = YES;
				GCC_WARN_UNUSED_VARIABLE = YES;
				IPHONEOS_DEPLOYMENT_TARGET = 5.0;
				OTHER_CFLAGS = "-DNS_BLOCK_ASSERTIONS=1";
				SDKROOT = iphoneos;
				VALIDATE_PRODUCT = YES;
			};
			name = Release;
		};
		4ABFFF61153661AD0055A925 /* Debug */ = {
			isa = XCBuildConfiguration;
			buildSettings = {
				GCC_PRECOMPILE_PREFIX_HEADER = YES;
				GCC_PREFIX_HEADER = "Table Option/Table Option-Prefix.pch";
				INFOPLIST_FILE = "Table Option/Table Option-Info.plist";
				IPHONEOS_DEPLOYMENT_TARGET = 7.0;
				PRODUCT_NAME = "$(TARGET_NAME)";
				WRAPPER_EXTENSION = app;
			};
			name = Debug;
		};
		4ABFFF62153661AD0055A925 /* Release */ = {
			isa = XCBuildConfiguration;
			buildSettings = {
				GCC_PRECOMPILE_PREFIX_HEADER = YES;
				GCC_PREFIX_HEADER = "Table Option/Table Option-Prefix.pch";
				INFOPLIST_FILE = "Table Option/Table Option-Info.plist";
				IPHONEOS_DEPLOYMENT_TARGET = 7.0;
				PRODUCT_NAME = "$(TARGET_NAME)";
				WRAPPER_EXTENSION = app;
			};
			name = Release;
		};
/* End XCBuildConfiguration section */

/* Begin XCConfigurationList section */
		4ABFFF3C153661AD0055A925 /* Build configuration list for PBXProject "Table Option" */ = {
			isa = XCConfigurationList;
			buildConfigurations = (
				4ABFFF5E153661AD0055A925 /* Debug */,
				4ABFFF5F153661AD0055A925 /* Release */,
			);
			defaultConfigurationIsVisible = 0;
			defaultConfigurationName = Release;
		};
		4ABFFF60153661AD0055A925 /* Build configuration list for PBXNativeTarget "Table Option" */ = {
			isa = XCConfigurationList;
			buildConfigurations = (
				4ABFFF61153661AD0055A925 /* Debug */,
				4ABFFF62153661AD0055A925 /* Release */,
			);
			defaultConfigurationIsVisible = 0;
			defaultConfigurationName = Release;
		};
/* End XCConfigurationList section */
	};
	rootObject = 4ABFFF39153661AD0055A925 /* Project object */;
}
